{
  "pins" : [
    {
      "identity" : "pluginbuilder",
      "kind" : "remoteSourceControl",
      "location" : "https://github.com/Lastivky/PluginBuilder.git",
      "state" : {
        "branch" : "test",
        "revision" : "cee174b850fda1c328b3e1f46453eb93f59ff694"
      }
    }
  ],
  "version" : 2
}
