// !$*UTF8*$!
{
	archiveVersion = 1;
	classes = {
	};
	objectVersion = 56;
	objects = {

/* Begin PBXBuildFile section */
		9716CA4D29B6AEBB0097EEEF /* Frame.swift in Sources */ = {isa = PBXBuildFile; fileRef = 9716CA4C29B6AEBB0097EEEF /* Frame.swift */; };
		9716CA5029B6B26C0097EEEF /* Collection+Extension.swift in Sources */ = {isa = PBXBuildFile; fileRef = 9716CA4F29B6B26C0097EEEF /* Collection+Extension.swift */; };
		9716CA5129B6B3400097EEEF /* Frame.swift in Sources */ = {isa = PBXBuildFile; fileRef = 9716CA4C29B6AEBB0097EEEF /* Frame.swift */; };
		9716CA5229B6B4AA0097EEEF /* Collection+Extension.swift in Sources */ = {isa = PBXBuildFile; fileRef = 9716CA4F29B6B26C0097EEEF /* Collection+Extension.swift */; };
		9716CA5629B7CD3D0097EEEF /* Disc.swift in Sources */ = {isa = PBXBuildFile; fileRef = 9716CA5529B7CD3D0097EEEF /* Disc.swift */; };
		9716CA5729B7CD9D0097EEEF /* Disc.swift in Sources */ = {isa = PBXBuildFile; fileRef = 9716CA5529B7CD3D0097EEEF /* Disc.swift */; };
		9716CA5A29B7CF350097EEEF /* Viewport.swift in Sources */ = {isa = PBXBuildFile; fileRef = 9716CA5929B7CF350097EEEF /* Viewport.swift */; };
		9716CA5C29B7CFDE0097EEEF /* ConsoleViewport.swift in Sources */ = {isa = PBXBuildFile; fileRef = 9716CA5B29B7CFDE0097EEEF /* ConsoleViewport.swift */; };
		9716CA6129B7DAFB0097EEEF /* ContrastViewport.swift in Sources */ = {isa = PBXBuildFile; fileRef = 9716CA6029B7DAFB0097EEEF /* ContrastViewport.swift */; };
		976DDD6D29E37BF400908926 /* ArgumentParser in Frameworks */ = {isa = PBXBuildFile; productRef = 976DDD6C29E37BF400908926 /* ArgumentParser */; };
		9772622829E3701600554749 /* ImageCreator in Frameworks */ = {isa = PBXBuildFile; productRef = 9772622729E3701600554749 /* ImageCreator */; };
		9772622B29E372B600554749 /* ConsoleRenderer.swift in Sources */ = {isa = PBXBuildFile; fileRef = 9772622A29E372B600554749 /* ConsoleRenderer.swift */; };
		9772622D29E3771F00554749 /* ImageViewport.swift in Sources */ = {isa = PBXBuildFile; fileRef = 9772622C29E3771F00554749 /* ImageViewport.swift */; };
		97A9200829E61449009E5053 /* ObjParser.swift in Sources */ = {isa = PBXBuildFile; fileRef = 97A9200729E61449009E5053 /* ObjParser.swift */; };
		97A9200D29E61672009E5053 /* ObjFieldParser.swift in Sources */ = {isa = PBXBuildFile; fileRef = 97A9200C29E61672009E5053 /* ObjFieldParser.swift */; };
		97A9200F29E616D7009E5053 /* PointObjFieldParser.swift in Sources */ = {isa = PBXBuildFile; fileRef = 97A9200E29E616D7009E5053 /* PointObjFieldParser.swift */; };
		97A9201129E61891009E5053 /* FaceObjFieldParser.swift in Sources */ = {isa = PBXBuildFile; fileRef = 97A9201029E61891009E5053 /* FaceObjFieldParser.swift */; };
		97A9201329E63CDF009E5053 /* ParsingTest.swift in Sources */ = {isa = PBXBuildFile; fileRef = 97A9201229E63CDF009E5053 /* ParsingTest.swift */; };
		97A9201429E63D74009E5053 /* ObjFieldParser.swift in Sources */ = {isa = PBXBuildFile; fileRef = 97A9200C29E61672009E5053 /* ObjFieldParser.swift */; };
		97A9201529E63D77009E5053 /* PointObjFieldParser.swift in Sources */ = {isa = PBXBuildFile; fileRef = 97A9200E29E616D7009E5053 /* PointObjFieldParser.swift */; };
		97A9201629E63D7A009E5053 /* FaceObjFieldParser.swift in Sources */ = {isa = PBXBuildFile; fileRef = 97A9201029E61891009E5053 /* FaceObjFieldParser.swift */; };
		97A9201729E63D7C009E5053 /* ObjParser.swift in Sources */ = {isa = PBXBuildFile; fileRef = 97A9200729E61449009E5053 /* ObjParser.swift */; };
		D32ED0B729F1C0A00093A0A1 /* Compute.metal in Sources */ = {isa = PBXBuildFile; fileRef = D32ED0B629F1C0A00093A0A1 /* Compute.metal */; };
		D32ED0B829F1C0A00093A0A1 /* Compute.metal in Sources */ = {isa = PBXBuildFile; fileRef = D32ED0B629F1C0A00093A0A1 /* Compute.metal */; };
		FF56902929B3961B0000AC1E /* main.swift in Sources */ = {isa = PBXBuildFile; fileRef = FF56902829B3961B0000AC1E /* main.swift */; };
		FF9476CC29E2BF7C009AA5F1 /* Triangle.swift in Sources */ = {isa = PBXBuildFile; fileRef = FF9476CB29E2BF7C009AA5F1 /* Triangle.swift */; };
		FF9476CD29E2CCDD009AA5F1 /* Triangle.swift in Sources */ = {isa = PBXBuildFile; fileRef = FF9476CB29E2BF7C009AA5F1 /* Triangle.swift */; };
		FF9476CF29E2CD27009AA5F1 /* TriangleDistanceTest.swift in Sources */ = {isa = PBXBuildFile; fileRef = FF9476CE29E2CD27009AA5F1 /* TriangleDistanceTest.swift */; };
		FF9476D129E2F664009AA5F1 /* Matrix.swift in Sources */ = {isa = PBXBuildFile; fileRef = FF9476D029E2F664009AA5F1 /* Matrix.swift */; };
		FF9476D229E2FBF4009AA5F1 /* Matrix.swift in Sources */ = {isa = PBXBuildFile; fileRef = FF9476D029E2F664009AA5F1 /* Matrix.swift */; };
		FF9476D429E2FC07009AA5F1 /* MatrixTest.swift in Sources */ = {isa = PBXBuildFile; fileRef = FF9476D329E2FC07009AA5F1 /* MatrixTest.swift */; };
		FFA9ED7929B3B2FA00ECF980 /* Vector3D.swift in Sources */ = {isa = PBXBuildFile; fileRef = FFA9ED7629B3B2FA00ECF980 /* Vector3D.swift */; };
		FFA9ED7A29B3B2FA00ECF980 /* VectorValue.swift in Sources */ = {isa = PBXBuildFile; fileRef = FFA9ED7729B3B2FA00ECF980 /* VectorValue.swift */; };
		FFA9ED7B29B3B2FA00ECF980 /* Point3D.swift in Sources */ = {isa = PBXBuildFile; fileRef = FFA9ED7829B3B2FA00ECF980 /* Point3D.swift */; };
		FFA9ED7D29B3B55200ECF980 /* Object3D.swift in Sources */ = {isa = PBXBuildFile; fileRef = FFA9ED7C29B3B55200ECF980 /* Object3D.swift */; };
		FFA9ED7F29B3B57B00ECF980 /* Ray.swift in Sources */ = {isa = PBXBuildFile; fileRef = FFA9ED7E29B3B57B00ECF980 /* Ray.swift */; };
		FFA9ED8129B3B62600ECF980 /* Sphere.swift in Sources */ = {isa = PBXBuildFile; fileRef = FFA9ED8029B3B62600ECF980 /* Sphere.swift */; };
		FFA9ED8329B3B69300ECF980 /* Plane.swift in Sources */ = {isa = PBXBuildFile; fileRef = FFA9ED8229B3B69300ECF980 /* Plane.swift */; };
		FFA9ED8629B3B9B600ECF980 /* Scene.swift in Sources */ = {isa = PBXBuildFile; fileRef = FFA9ED8529B3B9B600ECF980 /* Scene.swift */; };
		FFA9ED8829B3BA8D00ECF980 /* Camera.swift in Sources */ = {isa = PBXBuildFile; fileRef = FFA9ED8729B3BA8D00ECF980 /* Camera.swift */; };
		FFA9ED8A29B3BECF00ECF980 /* Light.swift in Sources */ = {isa = PBXBuildFile; fileRef = FFA9ED8929B3BECF00ECF980 /* Light.swift */; };
		FFA9ED8D29B3C46700ECF980 /* Math.swift in Sources */ = {isa = PBXBuildFile; fileRef = FFA9ED8C29B3C46700ECF980 /* Math.swift */; };
		FFA9ED8F29B3C48E00ECF980 /* QuadraticEquation.swift in Sources */ = {isa = PBXBuildFile; fileRef = FFA9ED8E29B3C48E00ECF980 /* QuadraticEquation.swift */; };
		FFA9ED9C29B507AB00ECF980 /* ObjectDistantionTest.swift in Sources */ = {isa = PBXBuildFile; fileRef = FFA9ED9B29B507AB00ECF980 /* ObjectDistantionTest.swift */; };
		FFA9EDA429B645BE00ECF980 /* Object3D.swift in Sources */ = {isa = PBXBuildFile; fileRef = FFA9ED7C29B3B55200ECF980 /* Object3D.swift */; };
		FFA9EDA529B645D800ECF980 /* Ray.swift in Sources */ = {isa = PBXBuildFile; fileRef = FFA9ED7E29B3B57B00ECF980 /* Ray.swift */; };
		FFA9EDA629B645DC00ECF980 /* Point3D.swift in Sources */ = {isa = PBXBuildFile; fileRef = FFA9ED7829B3B2FA00ECF980 /* Point3D.swift */; };
		FFA9EDA729B645DE00ECF980 /* Vector3D.swift in Sources */ = {isa = PBXBuildFile; fileRef = FFA9ED7629B3B2FA00ECF980 /* Vector3D.swift */; };
		FFA9EDA829B645E000ECF980 /* VectorValue.swift in Sources */ = {isa = PBXBuildFile; fileRef = FFA9ED7729B3B2FA00ECF980 /* VectorValue.swift */; };
		FFA9EDA929B645E300ECF980 /* Math.swift in Sources */ = {isa = PBXBuildFile; fileRef = FFA9ED8C29B3C46700ECF980 /* Math.swift */; };
		FFA9EDAA29B645E500ECF980 /* QuadraticEquation.swift in Sources */ = {isa = PBXBuildFile; fileRef = FFA9ED8E29B3C48E00ECF980 /* QuadraticEquation.swift */; };
		FFA9EDAB29B645E900ECF980 /* Scene.swift in Sources */ = {isa = PBXBuildFile; fileRef = FFA9ED8529B3B9B600ECF980 /* Scene.swift */; };
		FFA9EDAC29B645EB00ECF980 /* Camera.swift in Sources */ = {isa = PBXBuildFile; fileRef = FFA9ED8729B3BA8D00ECF980 /* Camera.swift */; };
		FFA9EDAD29B645ED00ECF980 /* Light.swift in Sources */ = {isa = PBXBuildFile; fileRef = FFA9ED8929B3BECF00ECF980 /* Light.swift */; };
		FFA9EDAE29B645F200ECF980 /* Sphere.swift in Sources */ = {isa = PBXBuildFile; fileRef = FFA9ED8029B3B62600ECF980 /* Sphere.swift */; };
		FFA9EDAF29B645F400ECF980 /* Plane.swift in Sources */ = {isa = PBXBuildFile; fileRef = FFA9ED8229B3B69300ECF980 /* Plane.swift */; };
/* End PBXBuildFile section */

/* Begin PBXCopyFilesBuildPhase section */
		FF56902329B3961B0000AC1E /* CopyFiles */ = {
			isa = PBXCopyFilesBuildPhase;
			buildActionMask = 2147483647;
			dstPath = /usr/share/man/man1/;
			dstSubfolderSpec = 0;
			files = (
			);
			runOnlyForDeploymentPostprocessing = 1;
		};
/* End PBXCopyFilesBuildPhase section */

/* Begin PBXFileReference section */
		9716CA4C29B6AEBB0097EEEF /* Frame.swift */ = {isa = PBXFileReference; lastKnownFileType = sourcecode.swift; path = Frame.swift; sourceTree = "<group>"; };
		9716CA4F29B6B26C0097EEEF /* Collection+Extension.swift */ = {isa = PBXFileReference; lastKnownFileType = sourcecode.swift; path = "Collection+Extension.swift"; sourceTree = "<group>"; };
		9716CA5529B7CD3D0097EEEF /* Disc.swift */ = {isa = PBXFileReference; fileEncoding = 4; lastKnownFileType = sourcecode.swift; path = Disc.swift; sourceTree = "<group>"; };
		9716CA5929B7CF350097EEEF /* Viewport.swift */ = {isa = PBXFileReference; lastKnownFileType = sourcecode.swift; path = Viewport.swift; sourceTree = "<group>"; };
		9716CA5B29B7CFDE0097EEEF /* ConsoleViewport.swift */ = {isa = PBXFileReference; lastKnownFileType = sourcecode.swift; path = ConsoleViewport.swift; sourceTree = "<group>"; };
		9716CA6029B7DAFB0097EEEF /* ContrastViewport.swift */ = {isa = PBXFileReference; lastKnownFileType = sourcecode.swift; path = ContrastViewport.swift; sourceTree = "<group>"; };
		976DDD6E29E3800700908926 /* RayTracer.entitlements */ = {isa = PBXFileReference; lastKnownFileType = text.plist.entitlements; path = RayTracer.entitlements; sourceTree = "<group>"; };
		9772622529E36FFF00554749 /* ConverterCore */ = {isa = PBXFileReference; lastKnownFileType = wrapper; name = ConverterCore; path = Converter/ConverterCore; sourceTree = "<group>"; };
		9772622A29E372B600554749 /* ConsoleRenderer.swift */ = {isa = PBXFileReference; lastKnownFileType = sourcecode.swift; path = ConsoleRenderer.swift; sourceTree = "<group>"; };
		9772622C29E3771F00554749 /* ImageViewport.swift */ = {isa = PBXFileReference; lastKnownFileType = sourcecode.swift; path = ImageViewport.swift; sourceTree = "<group>"; };
		97A9200729E61449009E5053 /* ObjParser.swift */ = {isa = PBXFileReference; lastKnownFileType = sourcecode.swift; path = ObjParser.swift; sourceTree = "<group>"; };
		97A9200C29E61672009E5053 /* ObjFieldParser.swift */ = {isa = PBXFileReference; lastKnownFileType = sourcecode.swift; path = ObjFieldParser.swift; sourceTree = "<group>"; };
		97A9200E29E616D7009E5053 /* PointObjFieldParser.swift */ = {isa = PBXFileReference; lastKnownFileType = sourcecode.swift; path = PointObjFieldParser.swift; sourceTree = "<group>"; };
		97A9201029E61891009E5053 /* FaceObjFieldParser.swift */ = {isa = PBXFileReference; lastKnownFileType = sourcecode.swift; path = FaceObjFieldParser.swift; sourceTree = "<group>"; };
		97A9201229E63CDF009E5053 /* ParsingTest.swift */ = {isa = PBXFileReference; lastKnownFileType = sourcecode.swift; path = ParsingTest.swift; sourceTree = "<group>"; };
		D32ED0B629F1C0A00093A0A1 /* Compute.metal */ = {isa = PBXFileReference; fileEncoding = 4; lastKnownFileType = sourcecode.metal; path = Compute.metal; sourceTree = "<group>"; };
		FF56902529B3961B0000AC1E /* RayTracer */ = {isa = PBXFileReference; explicitFileType = "compiled.mach-o.executable"; includeInIndex = 0; path = RayTracer; sourceTree = BUILT_PRODUCTS_DIR; };
		FF56902829B3961B0000AC1E /* main.swift */ = {isa = PBXFileReference; lastKnownFileType = sourcecode.swift; path = main.swift; sourceTree = "<group>"; };
		FF9476CB29E2BF7C009AA5F1 /* Triangle.swift */ = {isa = PBXFileReference; lastKnownFileType = sourcecode.swift; path = Triangle.swift; sourceTree = "<group>"; };
		FF9476CE29E2CD27009AA5F1 /* TriangleDistanceTest.swift */ = {isa = PBXFileReference; lastKnownFileType = sourcecode.swift; path = TriangleDistanceTest.swift; sourceTree = "<group>"; };
		FF9476D029E2F664009AA5F1 /* Matrix.swift */ = {isa = PBXFileReference; lastKnownFileType = sourcecode.swift; path = Matrix.swift; sourceTree = "<group>"; };
		FF9476D329E2FC07009AA5F1 /* MatrixTest.swift */ = {isa = PBXFileReference; lastKnownFileType = sourcecode.swift; path = MatrixTest.swift; sourceTree = "<group>"; };
		FFA9ED7629B3B2FA00ECF980 /* Vector3D.swift */ = {isa = PBXFileReference; fileEncoding = 4; lastKnownFileType = sourcecode.swift; path = Vector3D.swift; sourceTree = "<group>"; };
		FFA9ED7729B3B2FA00ECF980 /* VectorValue.swift */ = {isa = PBXFileReference; fileEncoding = 4; lastKnownFileType = sourcecode.swift; path = VectorValue.swift; sourceTree = "<group>"; };
		FFA9ED7829B3B2FA00ECF980 /* Point3D.swift */ = {isa = PBXFileReference; fileEncoding = 4; lastKnownFileType = sourcecode.swift; path = Point3D.swift; sourceTree = "<group>"; };
		FFA9ED7C29B3B55200ECF980 /* Object3D.swift */ = {isa = PBXFileReference; lastKnownFileType = sourcecode.swift; path = Object3D.swift; sourceTree = "<group>"; };
		FFA9ED7E29B3B57B00ECF980 /* Ray.swift */ = {isa = PBXFileReference; lastKnownFileType = sourcecode.swift; path = Ray.swift; sourceTree = "<group>"; };
		FFA9ED8029B3B62600ECF980 /* Sphere.swift */ = {isa = PBXFileReference; lastKnownFileType = sourcecode.swift; path = Sphere.swift; sourceTree = "<group>"; };
		FFA9ED8229B3B69300ECF980 /* Plane.swift */ = {isa = PBXFileReference; lastKnownFileType = sourcecode.swift; path = Plane.swift; sourceTree = "<group>"; };
		FFA9ED8529B3B9B600ECF980 /* Scene.swift */ = {isa = PBXFileReference; lastKnownFileType = sourcecode.swift; path = Scene.swift; sourceTree = "<group>"; };
		FFA9ED8729B3BA8D00ECF980 /* Camera.swift */ = {isa = PBXFileReference; lastKnownFileType = sourcecode.swift; path = Camera.swift; sourceTree = "<group>"; };
		FFA9ED8929B3BECF00ECF980 /* Light.swift */ = {isa = PBXFileReference; lastKnownFileType = sourcecode.swift; path = Light.swift; sourceTree = "<group>"; };
		FFA9ED8C29B3C46700ECF980 /* Math.swift */ = {isa = PBXFileReference; lastKnownFileType = sourcecode.swift; path = Math.swift; sourceTree = "<group>"; };
		FFA9ED8E29B3C48E00ECF980 /* QuadraticEquation.swift */ = {isa = PBXFileReference; lastKnownFileType = sourcecode.swift; path = QuadraticEquation.swift; sourceTree = "<group>"; };
		FFA9ED9429B506FC00ECF980 /* RayTracerTests.xctest */ = {isa = PBXFileReference; explicitFileType = wrapper.cfbundle; includeInIndex = 0; path = RayTracerTests.xctest; sourceTree = BUILT_PRODUCTS_DIR; };
		FFA9ED9B29B507AB00ECF980 /* ObjectDistantionTest.swift */ = {isa = PBXFileReference; lastKnownFileType = sourcecode.swift; path = ObjectDistantionTest.swift; sourceTree = "<group>"; };
/* End PBXFileReference section */

/* Begin PBXFrameworksBuildPhase section */
		FF56902229B3961B0000AC1E /* Frameworks */ = {
			isa = PBXFrameworksBuildPhase;
			buildActionMask = 2147483647;
			files = (
				976DDD6D29E37BF400908926 /* ArgumentParser in Frameworks */,
				9772622829E3701600554749 /* ImageCreator in Frameworks */,
			);
			runOnlyForDeploymentPostprocessing = 0;
		};
		FFA9ED9129B506FC00ECF980 /* Frameworks */ = {
			isa = PBXFrameworksBuildPhase;
			buildActionMask = 2147483647;
			files = (
			);
			runOnlyForDeploymentPostprocessing = 0;
		};
/* End PBXFrameworksBuildPhase section */

/* Begin PBXGroup section */
		9716CA4E29B6B25D0097EEEF /* Extensions */ = {
			isa = PBXGroup;
			children = (
				9716CA4F29B6B26C0097EEEF /* Collection+Extension.swift */,
			);
			path = Extensions;
			sourceTree = "<group>";
		};
		9716CA5829B7CF0D0097EEEF /* Output */ = {
			isa = PBXGroup;
			children = (
				9716CA5929B7CF350097EEEF /* Viewport.swift */,
				9716CA5B29B7CFDE0097EEEF /* ConsoleViewport.swift */,
				9716CA6029B7DAFB0097EEEF /* ContrastViewport.swift */,
				9772622C29E3771F00554749 /* ImageViewport.swift */,
			);
			path = Output;
			sourceTree = "<group>";
		};
		9772622629E3701600554749 /* Frameworks */ = {
			isa = PBXGroup;
			children = (
			);
			name = Frameworks;
			sourceTree = "<group>";
		};
		9772622929E3709D00554749 /* CLI */ = {
			isa = PBXGroup;
			children = (
				9772622A29E372B600554749 /* ConsoleRenderer.swift */,
			);
			path = CLI;
			sourceTree = "<group>";
		};
		97A9200629E6140B009E5053 /* Input */ = {
			isa = PBXGroup;
			children = (
				97A9200929E615C4009E5053 /* FieldParsers */,
				97A9200729E61449009E5053 /* ObjParser.swift */,
			);
			path = Input;
			sourceTree = "<group>";
		};
		97A9200929E615C4009E5053 /* FieldParsers */ = {
			isa = PBXGroup;
			children = (
				97A9200C29E61672009E5053 /* ObjFieldParser.swift */,
				97A9200E29E616D7009E5053 /* PointObjFieldParser.swift */,
				97A9201029E61891009E5053 /* FaceObjFieldParser.swift */,
			);
			path = FieldParsers;
			sourceTree = "<group>";
		};
		D32ED0B529F1C0A00093A0A1 /* Metal */ = {
			isa = PBXGroup;
			children = (
				D32ED0B629F1C0A00093A0A1 /* Compute.metal */,
			);
			path = Metal;
			sourceTree = "<group>";
		};
		FF56901C29B3961B0000AC1E = {
			isa = PBXGroup;
			children = (
				9772622529E36FFF00554749 /* ConverterCore */,
				FF56902729B3961B0000AC1E /* RayTracer */,
				FFA9ED9529B506FC00ECF980 /* RayTracerTests */,
				FF56902629B3961B0000AC1E /* Products */,
				9772622629E3701600554749 /* Frameworks */,
			);
			sourceTree = "<group>";
		};
		FF56902629B3961B0000AC1E /* Products */ = {
			isa = PBXGroup;
			children = (
				FF56902529B3961B0000AC1E /* RayTracer */,
				FFA9ED9429B506FC00ECF980 /* RayTracerTests.xctest */,
			);
			name = Products;
			sourceTree = "<group>";
		};
		FF56902729B3961B0000AC1E /* RayTracer */ = {
			isa = PBXGroup;
			children = (
				D32ED0B529F1C0A00093A0A1 /* Metal */,
				976DDD6E29E3800700908926 /* RayTracer.entitlements */,
				9772622929E3709D00554749 /* CLI */,
				9716CA5829B7CF0D0097EEEF /* Output */,
				97A9200629E6140B009E5053 /* Input */,
				9716CA4E29B6B25D0097EEEF /* Extensions */,
				FFA9ED8B29B3C45700ECF980 /* Math */,
				FFA9ED8429B3B9A700ECF980 /* Tracer */,
				FF6C020829B39D3900D9A700 /* Structs */,
				FF6C020729B39D3000D9A700 /* App */,
			);
			path = RayTracer;
			sourceTree = "<group>";
		};
		FF6C020729B39D3000D9A700 /* App */ = {
			isa = PBXGroup;
			children = (
				FF56902829B3961B0000AC1E /* main.swift */,
			);
			path = App;
			sourceTree = "<group>";
		};
		FF6C020829B39D3900D9A700 /* Structs */ = {
			isa = PBXGroup;
			children = (
				9716CA4C29B6AEBB0097EEEF /* Frame.swift */,
				FF6C020929B39D4800D9A700 /* Objects */,
				FF6C020A29B39D8600D9A700 /* Vectors */,
				FF9476D029E2F664009AA5F1 /* Matrix.swift */,
			);
			path = Structs;
			sourceTree = "<group>";
		};
		FF6C020929B39D4800D9A700 /* Objects */ = {
			isa = PBXGroup;
			children = (
				9716CA5529B7CD3D0097EEEF /* Disc.swift */,
				FFA9ED7C29B3B55200ECF980 /* Object3D.swift */,
				FFA9ED8029B3B62600ECF980 /* Sphere.swift */,
				FFA9ED8229B3B69300ECF980 /* Plane.swift */,
				FF9476CB29E2BF7C009AA5F1 /* Triangle.swift */,
			);
			path = Objects;
			sourceTree = "<group>";
		};
		FF6C020A29B39D8600D9A700 /* Vectors */ = {
			isa = PBXGroup;
			children = (
				FFA9ED7829B3B2FA00ECF980 /* Point3D.swift */,
				FFA9ED7629B3B2FA00ECF980 /* Vector3D.swift */,
				FFA9ED7729B3B2FA00ECF980 /* VectorValue.swift */,
				FFA9ED7E29B3B57B00ECF980 /* Ray.swift */,
			);
			path = Vectors;
			sourceTree = "<group>";
		};
		FFA9ED8429B3B9A700ECF980 /* Tracer */ = {
			isa = PBXGroup;
			children = (
				FFA9ED8529B3B9B600ECF980 /* Scene.swift */,
				FFA9ED8729B3BA8D00ECF980 /* Camera.swift */,
				FFA9ED8929B3BECF00ECF980 /* Light.swift */,
			);
			path = Tracer;
			sourceTree = "<group>";
		};
		FFA9ED8B29B3C45700ECF980 /* Math */ = {
			isa = PBXGroup;
			children = (
				FFA9ED8C29B3C46700ECF980 /* Math.swift */,
				FFA9ED8E29B3C48E00ECF980 /* QuadraticEquation.swift */,
			);
			path = Math;
			sourceTree = "<group>";
		};
		FFA9ED9529B506FC00ECF980 /* RayTracerTests */ = {
			isa = PBXGroup;
			children = (
				FFA9ED9B29B507AB00ECF980 /* ObjectDistantionTest.swift */,
				FF9476CE29E2CD27009AA5F1 /* TriangleDistanceTest.swift */,
				FF9476D329E2FC07009AA5F1 /* MatrixTest.swift */,
				97A9201229E63CDF009E5053 /* ParsingTest.swift */,
			);
			path = RayTracerTests;
			sourceTree = "<group>";
		};
/* End PBXGroup section */

/* Begin PBXNativeTarget section */
		FF56902429B3961B0000AC1E /* RayTracer */ = {
			isa = PBXNativeTarget;
			buildConfigurationList = FF56902C29B3961B0000AC1E /* Build configuration list for PBXNativeTarget "RayTracer" */;
			buildPhases = (
				FF56902129B3961B0000AC1E /* Sources */,
				FF56902229B3961B0000AC1E /* Frameworks */,
				FF56902329B3961B0000AC1E /* CopyFiles */,
			);
			buildRules = (
			);
			dependencies = (
			);
			name = RayTracer;
			packageProductDependencies = (
				9772622729E3701600554749 /* ImageCreator */,
				976DDD6C29E37BF400908926 /* ArgumentParser */,
			);
			productName = RayTracer;
			productReference = FF56902529B3961B0000AC1E /* RayTracer */;
			productType = "com.apple.product-type.tool";
		};
		FFA9ED9329B506FC00ECF980 /* RayTracerTests */ = {
			isa = PBXNativeTarget;
			buildConfigurationList = FFA9ED9A29B506FC00ECF980 /* Build configuration list for PBXNativeTarget "RayTracerTests" */;
			buildPhases = (
				FFA9ED9029B506FC00ECF980 /* Sources */,
				FFA9ED9129B506FC00ECF980 /* Frameworks */,
				FFA9ED9229B506FC00ECF980 /* Resources */,
			);
			buildRules = (
			);
			dependencies = (
			);
			name = RayTracerTests;
			productName = RayTracerTests;
			productReference = FFA9ED9429B506FC00ECF980 /* RayTracerTests.xctest */;
			productType = "com.apple.product-type.bundle.unit-test";
		};
/* End PBXNativeTarget section */

/* Begin PBXProject section */
		FF56901D29B3961B0000AC1E /* Project object */ = {
			isa = PBXProject;
			attributes = {
				BuildIndependentTargetsInParallel = 1;
				LastSwiftUpdateCheck = 1420;
				LastUpgradeCheck = 1420;
				TargetAttributes = {
					FF56902429B3961B0000AC1E = {
						CreatedOnToolsVersion = 14.2;
					};
					FFA9ED9329B506FC00ECF980 = {
						CreatedOnToolsVersion = 14.2;
						LastSwiftMigration = 1420;
					};
				};
			};
			buildConfigurationList = FF56902029B3961B0000AC1E /* Build configuration list for PBXProject "RayTracer" */;
			compatibilityVersion = "Xcode 14.0";
			developmentRegion = en;
			hasScannedForEncodings = 0;
			knownRegions = (
				en,
				Base,
			);
			mainGroup = FF56901C29B3961B0000AC1E;
			packageReferences = (
				976DDD6B29E37BF400908926 /* XCRemoteSwiftPackageReference "swift-argument-parser" */,
			);
			productRefGroup = FF56902629B3961B0000AC1E /* Products */;
			projectDirPath = "";
			projectRoot = "";
			targets = (
				FF56902429B3961B0000AC1E /* RayTracer */,
				FFA9ED9329B506FC00ECF980 /* RayTracerTests */,
			);
		};
/* End PBXProject section */

/* Begin PBXResourcesBuildPhase section */
		FFA9ED9229B506FC00ECF980 /* Resources */ = {
			isa = PBXResourcesBuildPhase;
			buildActionMask = 2147483647;
			files = (
			);
			runOnlyForDeploymentPostprocessing = 0;
		};
/* End PBXResourcesBuildPhase section */

/* Begin PBXSourcesBuildPhase section */
		FF56902129B3961B0000AC1E /* Sources */ = {
			isa = PBXSourcesBuildPhase;
			buildActionMask = 2147483647;
			files = (
				FFA9ED8129B3B62600ECF980 /* Sphere.swift in Sources */,
				9716CA5C29B7CFDE0097EEEF /* ConsoleViewport.swift in Sources */,
				FFA9ED7A29B3B2FA00ECF980 /* VectorValue.swift in Sources */,
				FFA9ED7B29B3B2FA00ECF980 /* Point3D.swift in Sources */,
				FFA9ED8A29B3BECF00ECF980 /* Light.swift in Sources */,
				FFA9ED7F29B3B57B00ECF980 /* Ray.swift in Sources */,
				9772622B29E372B600554749 /* ConsoleRenderer.swift in Sources */,
				D32ED0B729F1C0A00093A0A1 /* Compute.metal in Sources */,
				FF56902929B3961B0000AC1E /* main.swift in Sources */,
				FF9476CC29E2BF7C009AA5F1 /* Triangle.swift in Sources */,
				97A9200F29E616D7009E5053 /* PointObjFieldParser.swift in Sources */,
				FFA9ED7929B3B2FA00ECF980 /* Vector3D.swift in Sources */,
				97A9200829E61449009E5053 /* ObjParser.swift in Sources */,
				97A9201129E61891009E5053 /* FaceObjFieldParser.swift in Sources */,
				FFA9ED8829B3BA8D00ECF980 /* Camera.swift in Sources */,
				9716CA5A29B7CF350097EEEF /* Viewport.swift in Sources */,
				9716CA5629B7CD3D0097EEEF /* Disc.swift in Sources */,
				FFA9ED8329B3B69300ECF980 /* Plane.swift in Sources */,
				FFA9ED8F29B3C48E00ECF980 /* QuadraticEquation.swift in Sources */,
				9772622D29E3771F00554749 /* ImageViewport.swift in Sources */,
				FF9476D129E2F664009AA5F1 /* Matrix.swift in Sources */,
				9716CA5029B6B26C0097EEEF /* Collection+Extension.swift in Sources */,
				FFA9ED7D29B3B55200ECF980 /* Object3D.swift in Sources */,
				9716CA4D29B6AEBB0097EEEF /* Frame.swift in Sources */,
				9716CA6129B7DAFB0097EEEF /* ContrastViewport.swift in Sources */,
				97A9200D29E61672009E5053 /* ObjFieldParser.swift in Sources */,
				FFA9ED8629B3B9B600ECF980 /* Scene.swift in Sources */,
				FFA9ED8D29B3C46700ECF980 /* Math.swift in Sources */,
			);
			runOnlyForDeploymentPostprocessing = 0;
		};
		FFA9ED9029B506FC00ECF980 /* Sources */ = {
			isa = PBXSourcesBuildPhase;
			buildActionMask = 2147483647;
			files = (
				FFA9EDA829B645E000ECF980 /* VectorValue.swift in Sources */,
				FFA9ED9C29B507AB00ECF980 /* ObjectDistantionTest.swift in Sources */,
				97A9201529E63D77009E5053 /* PointObjFieldParser.swift in Sources */,
				FFA9EDAE29B645F200ECF980 /* Sphere.swift in Sources */,
				FFA9EDAF29B645F400ECF980 /* Plane.swift in Sources */,
				D32ED0B829F1C0A00093A0A1 /* Compute.metal in Sources */,
				FF9476CD29E2CCDD009AA5F1 /* Triangle.swift in Sources */,
				97A9201629E63D7A009E5053 /* FaceObjFieldParser.swift in Sources */,
				9716CA5229B6B4AA0097EEEF /* Collection+Extension.swift in Sources */,
				FFA9EDA629B645DC00ECF980 /* Point3D.swift in Sources */,
				FFA9EDAD29B645ED00ECF980 /* Light.swift in Sources */,
				FF9476D429E2FC07009AA5F1 /* MatrixTest.swift in Sources */,
				FFA9EDA929B645E300ECF980 /* Math.swift in Sources */,
				9716CA5729B7CD9D0097EEEF /* Disc.swift in Sources */,
				97A9201429E63D74009E5053 /* ObjFieldParser.swift in Sources */,
				97A9201729E63D7C009E5053 /* ObjParser.swift in Sources */,
				97A9201329E63CDF009E5053 /* ParsingTest.swift in Sources */,
				FFA9EDA429B645BE00ECF980 /* Object3D.swift in Sources */,
				FFA9EDA729B645DE00ECF980 /* Vector3D.swift in Sources */,
				FF9476CF29E2CD27009AA5F1 /* TriangleDistanceTest.swift in Sources */,
				FFA9EDAC29B645EB00ECF980 /* Camera.swift in Sources */,
				FF9476D229E2FBF4009AA5F1 /* Matrix.swift in Sources */,
				FFA9EDAA29B645E500ECF980 /* QuadraticEquation.swift in Sources */,
				9716CA5129B6B3400097EEEF /* Frame.swift in Sources */,
				FFA9EDA529B645D800ECF980 /* Ray.swift in Sources */,
				FFA9EDAB29B645E900ECF980 /* Scene.swift in Sources */,
			);
			runOnlyForDeploymentPostprocessing = 0;
		};
/* End PBXSourcesBuildPhase section */

/* Begin XCBuildConfiguration section */
		FF56902A29B3961B0000AC1E /* Debug */ = {
			isa = XCBuildConfiguration;
			buildSettings = {
				ALWAYS_SEARCH_USER_PATHS = NO;
				CLANG_ANALYZER_NONNULL = YES;
				CLANG_ANALYZER_NUMBER_OBJECT_CONVERSION = YES_AGGRESSIVE;
				CLANG_CXX_LANGUAGE_STANDARD = "gnu++20";
				CLANG_ENABLE_MODULES = YES;
				CLANG_ENABLE_OBJC_ARC = YES;
				CLANG_ENABLE_OBJC_WEAK = YES;
				CLANG_WARN_BLOCK_CAPTURE_AUTORELEASING = YES;
				CLANG_WARN_BOOL_CONVERSION = YES;
				CLANG_WARN_COMMA = YES;
				CLANG_WARN_CONSTANT_CONVERSION = YES;
				CLANG_WARN_DEPRECATED_OBJC_IMPLEMENTATIONS = YES;
				CLANG_WARN_DIRECT_OBJC_ISA_USAGE = YES_ERROR;
				CLANG_WARN_DOCUMENTATION_COMMENTS = YES;
				CLANG_WARN_EMPTY_BODY = YES;
				CLANG_WARN_ENUM_CONVERSION = YES;
				CLANG_WARN_INFINITE_RECURSION = YES;
				CLANG_WARN_INT_CONVERSION = YES;
				CLANG_WARN_NON_LITERAL_NULL_CONVERSION = YES;
				CLANG_WARN_OBJC_IMPLICIT_RETAIN_SELF = YES;
				CLANG_WARN_OBJC_LITERAL_CONVERSION = YES;
				CLANG_WARN_OBJC_ROOT_CLASS = YES_ERROR;
				CLANG_WARN_QUOTED_INCLUDE_IN_FRAMEWORK_HEADER = YES;
				CLANG_WARN_RANGE_LOOP_ANALYSIS = YES;
				CLANG_WARN_STRICT_PROTOTYPES = YES;
				CLANG_WARN_SUSPICIOUS_MOVE = YES;
				CLANG_WARN_UNGUARDED_AVAILABILITY = YES_AGGRESSIVE;
				CLANG_WARN_UNREACHABLE_CODE = YES;
				CLANG_WARN__DUPLICATE_METHOD_MATCH = YES;
				COPY_PHASE_STRIP = NO;
				DEBUG_INFORMATION_FORMAT = dwarf;
				ENABLE_STRICT_OBJC_MSGSEND = YES;
				ENABLE_TESTABILITY = YES;
				GCC_C_LANGUAGE_STANDARD = gnu11;
				GCC_DYNAMIC_NO_PIC = NO;
				GCC_NO_COMMON_BLOCKS = YES;
				GCC_OPTIMIZATION_LEVEL = 0;
				GCC_PREPROCESSOR_DEFINITIONS = (
					"DEBUG=1",
					"$(inherited)",
				);
				GCC_WARN_64_TO_32_BIT_CONVERSION = YES;
				GCC_WARN_ABOUT_RETURN_TYPE = YES_ERROR;
				GCC_WARN_UNDECLARED_SELECTOR = YES;
				GCC_WARN_UNINITIALIZED_AUTOS = YES_AGGRESSIVE;
				GCC_WARN_UNUSED_FUNCTION = YES;
				GCC_WARN_UNUSED_VARIABLE = YES;
				MACOSX_DEPLOYMENT_TARGET = 13.1;
				MTL_ENABLE_DEBUG_INFO = INCLUDE_SOURCE;
				MTL_FAST_MATH = YES;
				ONLY_ACTIVE_ARCH = YES;
				SDKROOT = macosx;
				SWIFT_ACTIVE_COMPILATION_CONDITIONS = DEBUG;
				SWIFT_OPTIMIZATION_LEVEL = "-Onone";
			};
			name = Debug;
		};
		FF56902B29B3961B0000AC1E /* Release */ = {
			isa = XCBuildConfiguration;
			buildSettings = {
				ALWAYS_SEARCH_USER_PATHS = NO;
				CLANG_ANALYZER_NONNULL = YES;
				CLANG_ANALYZER_NUMBER_OBJECT_CONVERSION = YES_AGGRESSIVE;
				CLANG_CXX_LANGUAGE_STANDARD = "gnu++20";
				CLANG_ENABLE_MODULES = YES;
				CLANG_ENABLE_OBJC_ARC = YES;
				CLANG_ENABLE_OBJC_WEAK = YES;
				CLANG_WARN_BLOCK_CAPTURE_AUTORELEASING = YES;
				CLANG_WARN_BOOL_CONVERSION = YES;
				CLANG_WARN_COMMA = YES;
				CLANG_WARN_CONSTANT_CONVERSION = YES;
				CLANG_WARN_DEPRECATED_OBJC_IMPLEMENTATIONS = YES;
				CLANG_WARN_DIRECT_OBJC_ISA_USAGE = YES_ERROR;
				CLANG_WARN_DOCUMENTATION_COMMENTS = YES;
				CLANG_WARN_EMPTY_BODY = YES;
				CLANG_WARN_ENUM_CONVERSION = YES;
				CLANG_WARN_INFINITE_RECURSION = YES;
				CLANG_WARN_INT_CONVERSION = YES;
				CLANG_WARN_NON_LITERAL_NULL_CONVERSION = YES;
				CLANG_WARN_OBJC_IMPLICIT_RETAIN_SELF = YES;
				CLANG_WARN_OBJC_LITERAL_CONVERSION = YES;
				CLANG_WARN_OBJC_ROOT_CLASS = YES_ERROR;
				CLANG_WARN_QUOTED_INCLUDE_IN_FRAMEWORK_HEADER = YES;
				CLANG_WARN_RANGE_LOOP_ANALYSIS = YES;
				CLANG_WARN_STRICT_PROTOTYPES = YES;
				CLANG_WARN_SUSPICIOUS_MOVE = YES;
				CLANG_WARN_UNGUARDED_AVAILABILITY = YES_AGGRESSIVE;
				CLANG_WARN_UNREACHABLE_CODE = YES;
				CLANG_WARN__DUPLICATE_METHOD_MATCH = YES;
				COPY_PHASE_STRIP = NO;
				DEBUG_INFORMATION_FORMAT = "dwarf-with-dsym";
				ENABLE_NS_ASSERTIONS = NO;
				ENABLE_STRICT_OBJC_MSGSEND = YES;
				GCC_C_LANGUAGE_STANDARD = gnu11;
				GCC_NO_COMMON_BLOCKS = YES;
				GCC_WARN_64_TO_32_BIT_CONVERSION = YES;
				GCC_WARN_ABOUT_RETURN_TYPE = YES_ERROR;
				GCC_WARN_UNDECLARED_SELECTOR = YES;
				GCC_WARN_UNINITIALIZED_AUTOS = YES_AGGRESSIVE;
				GCC_WARN_UNUSED_FUNCTION = YES;
				GCC_WARN_UNUSED_VARIABLE = YES;
				MACOSX_DEPLOYMENT_TARGET = 13.1;
				MTL_ENABLE_DEBUG_INFO = NO;
				MTL_FAST_MATH = YES;
				SDKROOT = macosx;
				SWIFT_COMPILATION_MODE = wholemodule;
				SWIFT_OPTIMIZATION_LEVEL = "-O";
			};
			name = Release;
		};
		FF56902D29B3961B0000AC1E /* Debug */ = {
			isa = XCBuildConfiguration;
			buildSettings = {
				CODE_SIGN_ENTITLEMENTS = RayTracer/RayTracer.entitlements;
				CODE_SIGN_STYLE = Automatic;
				DEVELOPMENT_TEAM = "";
				ENABLE_HARDENED_RUNTIME = YES;
				MACOSX_DEPLOYMENT_TARGET = 12.4;
				PRODUCT_NAME = "$(TARGET_NAME)";
				SWIFT_VERSION = 5.0;
			};
			name = Debug;
		};
		FF56902E29B3961B0000AC1E /* Release */ = {
			isa = XCBuildConfiguration;
			buildSettings = {
				CODE_SIGN_ENTITLEMENTS = RayTracer/RayTracer.entitlements;
				CODE_SIGN_STYLE = Automatic;
				DEVELOPMENT_TEAM = "";
				ENABLE_HARDENED_RUNTIME = YES;
				MACOSX_DEPLOYMENT_TARGET = 12.4;
				PRODUCT_NAME = "$(TARGET_NAME)";
				SWIFT_VERSION = 5.0;
			};
			name = Release;
		};
		FFA9ED9829B506FC00ECF980 /* Debug */ = {
			isa = XCBuildConfiguration;
			buildSettings = {
				CLANG_ENABLE_MODULES = YES;
				CODE_SIGN_STYLE = Automatic;
				CURRENT_PROJECT_VERSION = 1;
				DEVELOPMENT_TEAM = 3MZDX9DG27;
				GENERATE_INFOPLIST_FILE = YES;
				LD_RUNPATH_SEARCH_PATHS = (
					"$(inherited)",
					"@executable_path/../Frameworks",
					"@loader_path/../Frameworks",
				);
				MACOSX_DEPLOYMENT_TARGET = 12.4;
				MARKETING_VERSION = 1.0;
				PRODUCT_BUNDLE_IDENTIFIER = lastivky.RayTracerTests;
				PRODUCT_NAME = "$(TARGET_NAME)";
				SWIFT_EMIT_LOC_STRINGS = NO;
				SWIFT_OPTIMIZATION_LEVEL = "-Onone";
				SWIFT_VERSION = 5.0;
			};
			name = Debug;
		};
		FFA9ED9929B506FC00ECF980 /* Release */ = {
			isa = XCBuildConfiguration;
			buildSettings = {
				CLANG_ENABLE_MODULES = YES;
				CODE_SIGN_STYLE = Automatic;
				CURRENT_PROJECT_VERSION = 1;
				DEVELOPMENT_TEAM = 3MZDX9DG27;
				GENERATE_INFOPLIST_FILE = YES;
				LD_RUNPATH_SEARCH_PATHS = (
					"$(inherited)",
					"@executable_path/../Frameworks",
					"@loader_path/../Frameworks",
				);
				MACOSX_DEPLOYMENT_TARGET = 12.4;
				MARKETING_VERSION = 1.0;
				PRODUCT_BUNDLE_IDENTIFIER = lastivky.RayTracerTests;
				PRODUCT_NAME = "$(TARGET_NAME)";
				SWIFT_EMIT_LOC_STRINGS = NO;
				SWIFT_VERSION = 5.0;
			};
			name = Release;
		};
/* End XCBuildConfiguration section */

/* Begin XCConfigurationList section */
		FF56902029B3961B0000AC1E /* Build configuration list for PBXProject "RayTracer" */ = {
			isa = XCConfigurationList;
			buildConfigurations = (
				FF56902A29B3961B0000AC1E /* Debug */,
				FF56902B29B3961B0000AC1E /* Release */,
			);
			defaultConfigurationIsVisible = 0;
			defaultConfigurationName = Release;
		};
		FF56902C29B3961B0000AC1E /* Build configuration list for PBXNativeTarget "RayTracer" */ = {
			isa = XCConfigurationList;
			buildConfigurations = (
				FF56902D29B3961B0000AC1E /* Debug */,
				FF56902E29B3961B0000AC1E /* Release */,
			);
			defaultConfigurationIsVisible = 0;
			defaultConfigurationName = Release;
		};
		FFA9ED9A29B506FC00ECF980 /* Build configuration list for PBXNativeTarget "RayTracerTests" */ = {
			isa = XCConfigurationList;
			buildConfigurations = (
				FFA9ED9829B506FC00ECF980 /* Debug */,
				FFA9ED9929B506FC00ECF980 /* Release */,
			);
			defaultConfigurationIsVisible = 0;
			defaultConfigurationName = Release;
		};
/* End XCConfigurationList section */

/* Begin XCRemoteSwiftPackageReference section */
		976DDD6B29E37BF400908926 /* XCRemoteSwiftPackageReference "swift-argument-parser" */ = {
			isa = XCRemoteSwiftPackageReference;
			repositoryURL = "https://github.com/apple/swift-argument-parser.git";
			requirement = {
				kind = upToNextMajorVersion;
				minimumVersion = 1.0.0;
			};
		};
/* End XCRemoteSwiftPackageReference section */

/* Begin XCSwiftPackageProductDependency section */
		976DDD6C29E37BF400908926 /* ArgumentParser */ = {
			isa = XCSwiftPackageProductDependency;
			package = 976DDD6B29E37BF400908926 /* XCRemoteSwiftPackageReference "swift-argument-parser" */;
			productName = ArgumentParser;
		};
		9772622729E3701600554749 /* ImageCreator */ = {
			isa = XCSwiftPackageProductDependency;
			productName = ImageCreator;
		};
/* End XCSwiftPackageProductDependency section */
	};
	rootObject = FF56901D29B3961B0000AC1E /* Project object */;
}
