{
  "pins" : [
    {
      "identity" : "pluginbuilder",
      "kind" : "remoteSourceControl",
      "location" : "https://github.com/Lastivky/PluginBuilder.git",
      "state" : {
        "branch" : "test",
        "revision" : "f1adcc58f3c07a4d97199d099563f62fdb2d875c"
      }
    },
    {
      "identity" : "swift-argument-parser",
      "kind" : "remoteSourceControl",
      "location" : "https://github.com/apple/swift-argument-parser.git",
      "state" : {
        "branch" : "main",
        "revision" : "c5050aa63ed5bb23209e7120b7ff6618ee06e0ee"
      }
    }
  ],
  "version" : 2
}
